
Microsoft Visual Studio Solution File, Format Version 12.00
# Visual Studio Version 16
VisualStudioVersion = 16.0.31605.320
MinimumVisualStudioVersion = 10.0.40219.1
Project("{FAE04EC0-301F-11D3-BF4B-00C04F79EFBC}") = "ArchiveFromZoomCloud", "ArchiveFromZoomCloud\ArchiveFromZoomCloud.csproj", "{C09FA141-005D-469A-9169-09635018269C}"
EndProject
Project("{00D1A9C2-B5F0-4AF3-8072-F6C62B433612}") = "ZoomDownloadsDatabase", "ZoomDownloadsDatabase\ZoomDownloadsDatabase.sqlproj", "{C760532B-F380-4F86-A465-C2CF092D4485}"
EndProject
Global
	GlobalSection(SolutionConfigurationPlatforms) = preSolution
		Debug|Any CPU = Debug|Any CPU
		Release|Any CPU = Release|Any CPU
	EndGlobalSection
	GlobalSection(ProjectConfigurationPlatforms) = postSolution
		{C09FA141-005D-469A-9169-09635018269C}.Debug|Any CPU.ActiveCfg = Debug|Any CPU
		{C09FA141-005D-469A-9169-09635018269C}.Debug|Any CPU.Build.0 = Debug|Any CPU
		{C09FA141-005D-469A-9169-09635018269C}.Release|Any CPU.ActiveCfg = Release|Any CPU
		{C09FA141-005D-469A-9169-09635018269C}.Release|Any CPU.Build.0 = Release|Any CPU
		{C760532B-F380-4F86-A465-C2CF092D4485}.Debug|Any CPU.ActiveCfg = Debug|Any CPU
		{C760532B-F380-4F86-A465-C2CF092D4485}.Debug|Any CPU.Build.0 = Debug|Any CPU
		{C760532B-F380-4F86-A465-C2CF092D4485}.Debug|Any CPU.Deploy.0 = Debug|Any CPU
		{C760532B-F380-4F86-A465-C2CF092D4485}.Release|Any CPU.ActiveCfg = Release|Any CPU
		{C760532B-F380-4F86-A465-C2CF092D4485}.Release|Any CPU.Build.0 = Release|Any CPU
		{C760532B-F380-4F86-A465-C2CF092D4485}.Release|Any CPU.Deploy.0 = Release|Any CPU
	EndGlobalSection
	GlobalSection(SolutionProperties) = preSolution
		HideSolutionNode = FALSE
	EndGlobalSection
	GlobalSection(ExtensibilityGlobals) = postSolution
		SolutionGuid = {8E2B0E05-222F-47DE-9AA5-1BB77AD6DE74}
	EndGlobalSection
EndGlobal
